
Microsoft Visual Studio Solution File, Format Version 12.00
# Visual Studio Version 17
VisualStudioVersion = 17.4.33213.308
MinimumVisualStudioVersion = 10.0.40219.1
Project("{8BC9CEB8-8B4A-11D0-8D11-00A0C91BC942}") = "test_1", "test_1.vcxproj", "{4E521D5B-244C-4231-9DF9-FA849C7CB7B0}"
EndProject
Global
	GlobalSection(SolutionConfigurationPlatforms) = preSolution
		Debug|x64 = Debug|x64
		Debug|x86 = Debug|x86
		Release|x64 = Release|x64
		Release|x86 = Release|x86
	EndGlobalSection
	GlobalSection(ProjectConfigurationPlatforms) = postSolution
		{4E521D5B-244C-4231-9DF9-FA849C7CB7B0}.Debug|x64.ActiveCfg = Debug|x64
		{4E521D5B-244C-4231-9DF9-FA849C7CB7B0}.Debug|x64.Build.0 = Debug|x64
		{4E521D5B-244C-4231-9DF9-FA849C7CB7B0}.Debug|x86.ActiveCfg = Debug|Win32
		{4E521D5B-244C-4231-9DF9-FA849C7CB7B0}.Debug|x86.Build.0 = Debug|Win32
		{4E521D5B-244C-4231-9DF9-FA849C7CB7B0}.Release|x64.ActiveCfg = Release|x64
		{4E521D5B-244C-4231-9DF9-FA849C7CB7B0}.Release|x64.Build.0 = Release|x64
		{4E521D5B-244C-4231-9DF9-FA849C7CB7B0}.Release|x86.ActiveCfg = Release|Win32
		{4E521D5B-244C-4231-9DF9-FA849C7CB7B0}.Release|x86.Build.0 = Release|Win32
	EndGlobalSection
	GlobalSection(SolutionProperties) = preSolution
		HideSolutionNode = FALSE
	EndGlobalSection
	GlobalSection(ExtensibilityGlobals) = postSolution
		SolutionGuid = {7BEFC8FD-F83E-4C2A-B45D-A9EE26A385A7}
	EndGlobalSection
EndGlobal
